<?xml version="1.0" encoding="utf-8"?>
<Project ToolsVersion="4.0" xmlns="http://schemas.microsoft.com/developer/msbuild/2003">
  <ItemGroup>
    <Filter Include="Source Files">
      <UniqueIdentifier>{4FC737F1-C7A5-4376-A066-2A32D752A2FF}</UniqueIdentifier>
      <Extensions>cpp;c;cc;cxx;def;odl;idl;hpj;bat;asm;asmx</Extensions>
    </Filter>
    <Filter Include="Header Files">
      <UniqueIdentifier>{93995380-89BD-4b04-88EB-625FBE52EBFB}</UniqueIdentifier>
      <Extensions>h;hpp;hxx;hm;inl;inc;xsd</Extensions>
    </Filter>
    <Filter Include="Resource Files">
      <UniqueIdentifier>{67DA6AB6-F800-4c08-8B7A-83BB121AAD01}</UniqueIdentifier>
      <Extensions>rc;ico;cur;bmp;dlg;rc2;rct;bin;rgs;gif;jpg;jpeg;jpe;resx;tiff;tif;png;wav;mfcribbon-ms</Extensions>
    </Filter>
    <Filter Include="Header Files\Graphics">
      <UniqueIdentifier>{38332163-e1af-4446-8b53-a6e6b70be084}</UniqueIdentifier>
    </Filter>
    <Filter Include="Source Files\Graphics">
      <UniqueIdentifier>{4b889f1a-59da-4cf4-bc1c-bdb01583a7ed}</UniqueIdentifier>
    </Filter>
    <Filter Include="Header Files\System">
      <UniqueIdentifier>{3758809f-f338-4f61-9abb-1a8b176cd746}</UniqueIdentifier>
    </Filter>
    <Filter Include="Source Files\System">
      <UniqueIdentifier>{6ec5bcce-54ad-4dbe-bd11-15a9a7a8c180}</UniqueIdentifier>
    </Filter>
    <Filter Include="Header Files\Util">
      <UniqueIdentifier>{9e709eb1-4d7b-41f2-9c52-1cf9543ca85b}</UniqueIdentifier>
    </Filter>
    <Filter Include="Source Files\Util">
      <UniqueIdentifier>{bdc0a69b-91e2-4848-9ec3-7d949fc9256a}</UniqueIdentifier>
    </Filter>
    <Filter Include="Header Files\Graphics\OpenGL">
      <UniqueIdentifier>{5ce4b715-8069-48ea-94e6-fb7874aed28b}</UniqueIdentifier>
    </Filter>
    <Filter Include="Source Files\Graphics\OpenGL">
      <UniqueIdentifier>{3f1f3f57-ee50-4953-9799-8d1864f21a7b}</UniqueIdentifier>
    </Filter>
    <Filter Include="Header Files\Graphics\Mesh">
      <UniqueIdentifier>{4a3ac53d-b5b6-4a75-b923-d3dc542acae2}</UniqueIdentifier>
    </Filter>
    <Filter Include="Source Files\Graphics\Mesh">
      <UniqueIdentifier>{4424a47f-1b2c-45a5-9c39-f83b5029cc92}</UniqueIdentifier>
    </Filter>
    <Filter Include="Third Party">
      <UniqueIdentifier>{109b862c-d1ea-4644-bff4-1ad786a8a522}</UniqueIdentifier>
    </Filter>
    <Filter Include="Third Party\Headers">
      <UniqueIdentifier>{85c8553f-2ad7-4fba-b791-7cc0322ce665}</UniqueIdentifier>
    </Filter>
    <Filter Include="Third Party\Source">
      <UniqueIdentifier>{2aca5930-9116-40a4-a6d0-379427cfd099}</UniqueIdentifier>
    </Filter>
  </ItemGroup>
  <ItemGroup>
    <ClCompile Include="main.cpp">
      <Filter>Source Files</Filter>
    </ClCompile>
    <ClCompile Include="stdafx.cpp">
      <Filter>Resource Files</Filter>
    </ClCompile>
    <ClCompile Include="camera.cpp">
      <Filter>Source Files\Graphics</Filter>
    </ClCompile>
    <ClCompile Include="light.cpp">
      <Filter>Source Files\Graphics</Filter>
    </ClCompile>
    <ClCompile Include="Texture.cpp">
      <Filter>Source Files\Graphics</Filter>
    </ClCompile>
    <ClCompile Include="Vertex.cpp">
      <Filter>Source Files\Graphics</Filter>
    </ClCompile>
    <ClCompile Include="Console.cpp">
      <Filter>Source Files\System</Filter>
    </ClCompile>
    <ClCompile Include="Graphics.cpp">
      <Filter>Source Files\Graphics</Filter>
    </ClCompile>
    <ClCompile Include="iniparser.cpp">
      <Filter>Source Files\System</Filter>
    </ClCompile>
    <ClCompile Include="SettingClasses.cpp">
      <Filter>Source Files\System</Filter>
    </ClCompile>
    <ClCompile Include="settings.cpp">
      <Filter>Source Files\System</Filter>
    </ClCompile>
    <ClCompile Include="State.cpp">
      <Filter>Source Files\System</Filter>
    </ClCompile>
    <ClCompile Include="System.cpp">
      <Filter>Source Files\System</Filter>
    </ClCompile>
    <ClCompile Include="Error.cpp">
      <Filter>Source Files\Util</Filter>
    </ClCompile>
    <ClCompile Include="mathdrak.cpp">
      <Filter>Source Files\Util</Filter>
    </ClCompile>
    <ClCompile Include="rand.cpp">
      <Filter>Source Files\Util</Filter>
    </ClCompile>
    <ClCompile Include="util.cpp">
      <Filter>Source Files\Util</Filter>
    </ClCompile>
    <ClCompile Include="Input.cpp">
      <Filter>Source Files\System</Filter>
    </ClCompile>
    <ClCompile Include="Physics.cpp">
      <Filter>Source Files\System</Filter>
    </ClCompile>
    <ClCompile Include="OpenGLClass.cpp">
      <Filter>Source Files\Graphics\OpenGL</Filter>
    </ClCompile>
    <ClCompile Include="ShaderProgram.cpp">
      <Filter>Source Files\Graphics\OpenGL</Filter>
    </ClCompile>
    <ClCompile Include="movable.cpp">
      <Filter>Source Files\Graphics\Mesh</Filter>
    </ClCompile>
    <ClCompile Include="tinymt32.c">
      <Filter>Third Party\Source</Filter>
    </ClCompile>
    <ClCompile Include="mesh.cpp">
      <Filter>Source Files\Graphics\Mesh</Filter>
    </ClCompile>
    <ClCompile Include="staticmesh.cpp">
      <Filter>Source Files\Graphics\Mesh</Filter>
    </ClCompile>
    <ClCompile Include="sky.cpp">
      <Filter>Source Files\Graphics\Mesh</Filter>
    </ClCompile>
    <ClCompile Include="InitialiseOpenGL.cpp">
      <Filter>Source Files\Graphics\OpenGL</Filter>
    </ClCompile>
    <ClCompile Include="graphicsinterface.cpp">
      <Filter>Source Files\Graphics\OpenGL</Filter>
    </ClCompile>
    <ClCompile Include="drawable.cpp">
      <Filter>Source Files\Graphics\Mesh</Filter>
    </ClCompile>
    <ClCompile Include="gbuffer.cpp">
      <Filter>Source Files\Graphics\OpenGL</Filter>
    </ClCompile>
    <ClCompile Include="matrixd.cpp">
      <Filter>Source Files\Util</Filter>
    </ClCompile>
    <ClCompile Include="transformable.cpp">
      <Filter>Source Files\Graphics\Mesh</Filter>
    </ClCompile>
    <ClCompile Include="world.cpp">
      <Filter>Source Files\System</Filter>
    </ClCompile>
    <ClCompile Include="shadowbuffer.cpp">
      <Filter>Source Files\Graphics\OpenGL</Filter>
    </ClCompile>
    <ClCompile Include="guitext.cpp">
      <Filter>Source Files\Graphics</Filter>
    </ClCompile>
    <ClCompile Include="sprite.cpp">
      <Filter>Source Files\Graphics</Filter>
    </ClCompile>
  </ItemGroup>
  <ItemGroup>
    <ClInclude Include="stdafx.h">
      <Filter>Resource Files</Filter>
    </ClInclude>
    <ClInclude Include="typedefs.h">
      <Filter>Header Files</Filter>
    </ClInclude>
    <ClInclude Include="camera.h">
      <Filter>Header Files\Graphics</Filter>
    </ClInclude>
    <ClInclude Include="Graphics.h">
      <Filter>Header Files\Graphics</Filter>
    </ClInclude>
    <ClInclude Include="Texture.h">
      <Filter>Header Files\Graphics</Filter>
    </ClInclude>
    <ClInclude Include="Vertex.h">
      <Filter>Header Files\Graphics</Filter>
    </ClInclude>
    <ClInclude Include="Console.h">
      <Filter>Header Files\System</Filter>
    </ClInclude>
    <ClInclude Include="iniparser.h">
      <Filter>Header Files\System</Filter>
    </ClInclude>
    <ClInclude Include="State.h">
      <Filter>Header Files\System</Filter>
    </ClInclude>
    <ClInclude Include="System.h">
      <Filter>Header Files\System</Filter>
    </ClInclude>
    <ClInclude Include="SettingClasses.h">
      <Filter>Header Files\System</Filter>
    </ClInclude>
    <ClInclude Include="Error.h">
      <Filter>Header Files\Util</Filter>
    </ClInclude>
    <ClInclude Include="mathdrak.h">
      <Filter>Header Files\Util</Filter>
    </ClInclude>
    <ClInclude Include="rand.h">
      <Filter>Header Files\Util</Filter>
    </ClInclude>
    <ClInclude Include="settings.h">
      <Filter>Header Files\System</Filter>
    </ClInclude>
    <ClInclude Include="util.h">
      <Filter>Header Files\Util</Filter>
    </ClInclude>
    <ClInclude Include="RenderList.h">
      <Filter>Header Files\Graphics</Filter>
    </ClInclude>
    <ClInclude Include="Input.h">
      <Filter>Header Files\System</Filter>
    </ClInclude>
    <ClInclude Include="Physics.h">
      <Filter>Header Files\System</Filter>
    </ClInclude>
    <ClInclude Include="vmfheader.h">
      <Filter>Header Files\Graphics</Filter>
    </ClInclude>
    <ClInclude Include="OpenGLClass.h">
      <Filter>Header Files\Graphics\OpenGL</Filter>
    </ClInclude>
    <ClInclude Include="movable.h">
      <Filter>Header Files\Graphics\Mesh</Filter>
    </ClInclude>
    <ClInclude Include="transformable.h">
      <Filter>Header Files\Graphics\Mesh</Filter>
    </ClInclude>
    <ClInclude Include="drawable.h">
      <Filter>Header Files\Graphics\Mesh</Filter>
    </ClInclude>
    <ClInclude Include="tinymt32.h">
      <Filter>Third Party\Headers</Filter>
    </ClInclude>
    <ClInclude Include="staticmesh.h">
      <Filter>Header Files\Graphics\Mesh</Filter>
    </ClInclude>
    <ClInclude Include="mesh.h">
      <Filter>Header Files\Graphics\Mesh</Filter>
    </ClInclude>
    <ClInclude Include="sky.h">
      <Filter>Header Files\Graphics\Mesh</Filter>
    </ClInclude>
    <ClInclude Include="enums.h">
      <Filter>Header Files</Filter>
    </ClInclude>
    <ClInclude Include="light.h">
      <Filter>Header Files\Graphics\OpenGL</Filter>
    </ClInclude>
    <ClInclude Include="ShaderProgram.h">
      <Filter>Header Files\Graphics</Filter>
    </ClInclude>
    <ClInclude Include="graphicsinterface.h">
      <Filter>Header Files\Graphics\OpenGL</Filter>
    </ClInclude>
    <ClInclude Include="gbuffer.h">
      <Filter>Header Files\Graphics\OpenGL</Filter>
    </ClInclude>
    <ClInclude Include="miscUtilFunction.h">
      <Filter>Header Files\Util</Filter>
    </ClInclude>
    <ClInclude Include="world.h">
      <Filter>Header Files\System</Filter>
    </ClInclude>
    <ClInclude Include="matrixd.h">
      <Filter>Header Files\Util</Filter>
    </ClInclude>
    <ClInclude Include="quaternion.h">
      <Filter>Header Files</Filter>
    </ClInclude>
    <ClInclude Include="shadowbuffer.h">
      <Filter>Header Files\Graphics\OpenGL</Filter>
    </ClInclude>
    <ClInclude Include="guitext.h">
      <Filter>Header Files\Graphics</Filter>
    </ClInclude>
    <ClInclude Include="sprite.h">
      <Filter>Header Files\Graphics</Filter>
    </ClInclude>
  </ItemGroup>
</Project>